// !$*UTF8*$!
{
	archiveVersion = 1;
	classes = {
	};
	objectVersion = 50;
	objects = {

/* Begin PBXBuildFile section */
		A71FBC57217A28ED00692BFB /* AppDelegate.m in Sources */ = {isa = PBXBuildFile; fileRef = A71FBC56217A28ED00692BFB /* AppDelegate.m */; };
		A71FBC5A217A28ED00692BFB /* ViewController.m in Sources */ = {isa = PBXBuildFile; fileRef = A71FBC59217A28ED00692BFB /* ViewController.m */; };
		A71FBC5F217A28EF00692BFB /* Assets.xcassets in Resources */ = {isa = PBXBuildFile; fileRef = A71FBC5E217A28EF00692BFB /* Assets.xcassets */; };
		A71FBC65217A28EF00692BFB /* main.m in Sources */ = {isa = PBXBuildFile; fileRef = A71FBC64217A28EF00692BFB /* main.m */; };
		A71FBC74217A292600692BFB /* CustomScrollView.m in Sources */ = {isa = PBXBuildFile; fileRef = A71FBC6D217A292600692BFB /* CustomScrollView.m */; };
		A71FBC75217A292600692BFB /* UIView+HeeeQuickFrame.m in Sources */ = {isa = PBXBuildFile; fileRef = A71FBC6E217A292600692BFB /* UIView+HeeeQuickFrame.m */; };
		A71FBC76217A292600692BFB /* HeeeScrollADView.m in Sources */ = {isa = PBXBuildFile; fileRef = A71FBC71217A292600692BFB /* HeeeScrollADView.m */; };
		A71FBC77217A292600692BFB /* HeeePageControl.m in Sources */ = {isa = PBXBuildFile; fileRef = A71FBC73217A292600692BFB /* HeeePageControl.m */; };
		A71FBCB5217A294800692BFB /* UIImage+WebP.m in Sources */ = {isa = PBXBuildFile; fileRef = A71FBC79217A294800692BFB /* UIImage+WebP.m */; };
		A71FBCB6217A294800692BFB /* MKAnnotationView+WebCache.m in Sources */ = {isa = PBXBuildFile; fileRef = A71FBC7A217A294800692BFB /* MKAnnotationView+WebCache.m */; };
		A71FBCB7217A294800692BFB /* SDWebImageManager.m in Sources */ = {isa = PBXBuildFile; fileRef = A71FBC7F217A294800692BFB /* SDWebImageManager.m */; };
		A71FBCB8217A294800692BFB /* UIImageView+HighlightedWebCache.m in Sources */ = {isa = PBXBuildFile; fileRef = A71FBC81217A294800692BFB /* UIImageView+HighlightedWebCache.m */; };
		A71FBCB9217A294800692BFB /* SDWebImageFrame.m in Sources */ = {isa = PBXBuildFile; fileRef = A71FBC82217A294800692BFB /* SDWebImageFrame.m */; };
		A71FBCBA217A294800692BFB /* UIImage+ForceDecode.m in Sources */ = {isa = PBXBuildFile; fileRef = A71FBC84217A294800692BFB /* UIImage+ForceDecode.m */; };
		A71FBCBB217A294800692BFB /* SDWebImageCodersManager.m in Sources */ = {isa = PBXBuildFile; fileRef = A71FBC86217A294800692BFB /* SDWebImageCodersManager.m */; };
		A71FBCBC217A294800692BFB /* FLAnimatedImageView+WebCache.m in Sources */ = {isa = PBXBuildFile; fileRef = A71FBC88217A294800692BFB /* FLAnimatedImageView+WebCache.m */; };
		A71FBCBD217A294800692BFB /* FLAnimatedImage.m in Sources */ = {isa = PBXBuildFile; fileRef = A71FBC89217A294800692BFB /* FLAnimatedImage.m */; };
		A71FBCBE217A294800692BFB /* FLAnimatedImageView.m in Sources */ = {isa = PBXBuildFile; fileRef = A71FBC8A217A294800692BFB /* FLAnimatedImageView.m */; };
		A71FBCBF217A294800692BFB /* SDWebImageDownloader.m in Sources */ = {isa = PBXBuildFile; fileRef = A71FBC8E217A294800692BFB /* SDWebImageDownloader.m */; };
		A71FBCC0217A294800692BFB /* UIImage+GIF.m in Sources */ = {isa = PBXBuildFile; fileRef = A71FBC91217A294800692BFB /* UIImage+GIF.m */; };
		A71FBCC1217A294800692BFB /* UIImage+MultiFormat.m in Sources */ = {isa = PBXBuildFile; fileRef = A71FBC93217A294800692BFB /* UIImage+MultiFormat.m */; };
		A71FBCC2217A294800692BFB /* SDWebImageCoderHelper.m in Sources */ = {isa = PBXBuildFile; fileRef = A71FBC94217A294800692BFB /* SDWebImageCoderHelper.m */; };
		A71FBCC3217A294800692BFB /* SDWebImageCompat.m in Sources */ = {isa = PBXBuildFile; fileRef = A71FBC95217A294800692BFB /* SDWebImageCompat.m */; };
		A71FBCC4217A294800692BFB /* SDWebImagePrefetcher.m in Sources */ = {isa = PBXBuildFile; fileRef = A71FBC97217A294800692BFB /* SDWebImagePrefetcher.m */; };
		A71FBCC5217A294800692BFB /* SDWebImageCoder.m in Sources */ = {isa = PBXBuildFile; fileRef = A71FBC9A217A294800692BFB /* SDWebImageCoder.m */; };
		A71FBCC6217A294800692BFB /* SDImageCache.m in Sources */ = {isa = PBXBuildFile; fileRef = A71FBC9D217A294800692BFB /* SDImageCache.m */; };
		A71FBCC7217A294800692BFB /* SDWebImageDownloaderOperation.m in Sources */ = {isa = PBXBuildFile; fileRef = A71FBCA0217A294800692BFB /* SDWebImageDownloaderOperation.m */; };
		A71FBCC8217A294800692BFB /* NSData+ImageContentType.m in Sources */ = {isa = PBXBuildFile; fileRef = A71FBCA2217A294800692BFB /* NSData+ImageContentType.m */; };
		A71FBCC9217A294800692BFB /* UIImageView+WebCache.m in Sources */ = {isa = PBXBuildFile; fileRef = A71FBCA3217A294800692BFB /* UIImageView+WebCache.m */; };
		A71FBCCA217A294800692BFB /* NSImage+WebCache.m in Sources */ = {isa = PBXBuildFile; fileRef = A71FBCA5217A294800692BFB /* NSImage+WebCache.m */; };
		A71FBCCB217A294800692BFB /* SDWebImageGIFCoder.m in Sources */ = {isa = PBXBuildFile; fileRef = A71FBCA6217A294800692BFB /* SDWebImageGIFCoder.m */; };
		A71FBCCC217A294800692BFB /* SDImageCacheConfig.m in Sources */ = {isa = PBXBuildFile; fileRef = A71FBCA8217A294800692BFB /* SDImageCacheConfig.m */; };
		A71FBCCD217A294800692BFB /* UIView+WebCacheOperation.m in Sources */ = {isa = PBXBuildFile; fileRef = A71FBCAB217A294800692BFB /* UIView+WebCacheOperation.m */; };
		A71FBCCE217A294800692BFB /* UIView+WebCache.m in Sources */ = {isa = PBXBuildFile; fileRef = A71FBCAC217A294800692BFB /* UIView+WebCache.m */; };
		A71FBCCF217A294800692BFB /* SDWebImageImageIOCoder.m in Sources */ = {isa = PBXBuildFile; fileRef = A71FBCAE217A294800692BFB /* SDWebImageImageIOCoder.m */; };
		A71FBCD0217A294800692BFB /* UIButton+WebCache.m in Sources */ = {isa = PBXBuildFile; fileRef = A71FBCB2217A294800692BFB /* UIButton+WebCache.m */; };
		A71FBCD1217A294800692BFB /* SDWebImageWebPCoder.m in Sources */ = {isa = PBXBuildFile; fileRef = A71FBCB3217A294800692BFB /* SDWebImageWebPCoder.m */; };
/* End PBXBuildFile section */

/* Begin PBXFileReference section */
		A71FBC52217A28ED00692BFB /* HeeeScrollADView-demo.app */ = {isa = PBXFileReference; explicitFileType = wrapper.application; includeInIndex = 0; path = "HeeeScrollADView-demo.app"; sourceTree = BUILT_PRODUCTS_DIR; };
		A71FBC55217A28ED00692BFB /* AppDelegate.h */ = {isa = PBXFileReference; lastKnownFileType = sourcecode.c.h; path = AppDelegate.h; sourceTree = "<group>"; };
		A71FBC56217A28ED00692BFB /* AppDelegate.m */ = {isa = PBXFileReference; lastKnownFileType = sourcecode.c.objc; path = AppDelegate.m; sourceTree = "<group>"; };
		A71FBC58217A28ED00692BFB /* ViewController.h */ = {isa = PBXFileReference; lastKnownFileType = sourcecode.c.h; path = ViewController.h; sourceTree = "<group>"; };
		A71FBC59217A28ED00692BFB /* ViewController.m */ = {isa = PBXFileReference; lastKnownFileType = sourcecode.c.objc; path = ViewController.m; sourceTree = "<group>"; };
		A71FBC5E217A28EF00692BFB /* Assets.xcassets */ = {isa = PBXFileReference; lastKnownFileType = folder.assetcatalog; path = Assets.xcassets; sourceTree = "<group>"; };
		A71FBC63217A28EF00692BFB /* Info.plist */ = {isa = PBXFileReference; lastKnownFileType = text.plist.xml; path = Info.plist; sourceTree = "<group>"; };
		A71FBC64217A28EF00692BFB /* main.m */ = {isa = PBXFileReference; lastKnownFileType = sourcecode.c.objc; path = main.m; sourceTree = "<group>"; };
		A71FBC6C217A292600692BFB /* HeeeScrollADView.h */ = {isa = PBXFileReference; fileEncoding = 4; lastKnownFileType = sourcecode.c.h; path = HeeeScrollADView.h; sourceTree = "<group>"; };
		A71FBC6D217A292600692BFB /* CustomScrollView.m */ = {isa = PBXFileReference; fileEncoding = 4; lastKnownFileType = sourcecode.c.objc; path = CustomScrollView.m; sourceTree = "<group>"; };
		A71FBC6E217A292600692BFB /* UIView+HeeeQuickFrame.m */ = {isa = PBXFileReference; fileEncoding = 4; lastKnownFileType = sourcecode.c.objc; path = "UIView+HeeeQuickFrame.m"; sourceTree = "<group>"; };
		A71FBC6F217A292600692BFB /* HeeePageControl.h */ = {isa = PBXFileReference; fileEncoding = 4; lastKnownFileType = sourcecode.c.h; path = HeeePageControl.h; sourceTree = "<group>"; };
		A71FBC70217A292600692BFB /* CustomScrollView.h */ = {isa = PBXFileReference; fileEncoding = 4; lastKnownFileType = sourcecode.c.h; path = CustomScrollView.h; sourceTree = "<group>"; };
		A71FBC71217A292600692BFB /* HeeeScrollADView.m */ = {isa = PBXFileReference; fileEncoding = 4; lastKnownFileType = sourcecode.c.objc; path = HeeeScrollADView.m; sourceTree = "<group>"; };
		A71FBC72217A292600692BFB /* UIView+HeeeQuickFrame.h */ = {isa = PBXFileReference; fileEncoding = 4; lastKnownFileType = sourcecode.c.h; path = "UIView+HeeeQuickFrame.h"; sourceTree = "<group>"; };
		A71FBC73217A292600692BFB /* HeeePageControl.m */ = {isa = PBXFileReference; fileEncoding = 4; lastKnownFileType = sourcecode.c.objc; path = HeeePageControl.m; sourceTree = "<group>"; };
		A71FBC79217A294800692BFB /* UIImage+WebP.m */ = {isa = PBXFileReference; fileEncoding = 4; lastKnownFileType = sourcecode.c.objc; path = "UIImage+WebP.m"; sourceTree = "<group>"; };
		A71FBC7A217A294800692BFB /* MKAnnotationView+WebCache.m */ = {isa = PBXFileReference; fileEncoding = 4; lastKnownFileType = sourcecode.c.objc; path = "MKAnnotationView+WebCache.m"; sourceTree = "<group>"; };
		A71FBC7B217A294800692BFB /* SDWebImageCoder.h */ = {isa = PBXFileReference; fileEncoding = 4; lastKnownFileType = sourcecode.c.h; path = SDWebImageCoder.h; sourceTree = "<group>"; };
		A71FBC7C217A294800692BFB /* NSImage+WebCache.h */ = {isa = PBXFileReference; fileEncoding = 4; lastKnownFileType = sourcecode.c.h; path = "NSImage+WebCache.h"; sourceTree = "<group>"; };
		A71FBC7D217A294800692BFB /* UIImageView+WebCache.h */ = {isa = PBXFileReference; fileEncoding = 4; lastKnownFileType = sourcecode.c.h; path = "UIImageView+WebCache.h"; sourceTree = "<group>"; };
		A71FBC7E217A294800692BFB /* NSData+ImageContentType.h */ = {isa = PBXFileReference; fileEncoding = 4; lastKnownFileType = sourcecode.c.h; path = "NSData+ImageContentType.h"; sourceTree = "<group>"; };
		A71FBC7F217A294800692BFB /* SDWebImageManager.m */ = {isa = PBXFileReference; fileEncoding = 4; lastKnownFileType = sourcecode.c.objc; path = SDWebImageManager.m; sourceTree = "<group>"; };
		A71FBC80217A294800692BFB /* SDWebImageDownloaderOperation.h */ = {isa = PBXFileReference; fileEncoding = 4; lastKnownFileType = sourcecode.c.h; path = SDWebImageDownloaderOperation.h; sourceTree = "<group>"; };
		A71FBC81217A294800692BFB /* UIImageView+HighlightedWebCache.m */ = {isa = PBXFileReference; fileEncoding = 4; lastKnownFileType = sourcecode.c.objc; path = "UIImageView+HighlightedWebCache.m"; sourceTree = "<group>"; };
		A71FBC82217A294800692BFB /* SDWebImageFrame.m */ = {isa = PBXFileReference; fileEncoding = 4; lastKnownFileType = sourcecode.c.objc; path = SDWebImageFrame.m; sourceTree = "<group>"; };
		A71FBC83217A294800692BFB /* SDImageCache.h */ = {isa = PBXFileReference; fileEncoding = 4; lastKnownFileType = sourcecode.c.h; path = SDImageCache.h; sourceTree = "<group>"; };
		A71FBC84217A294800692BFB /* UIImage+ForceDecode.m */ = {isa = PBXFileReference; fileEncoding = 4; lastKnownFileType = sourcecode.c.objc; path = "UIImage+ForceDecode.m"; sourceTree = "<group>"; };
		A71FBC85217A294800692BFB /* SDImageCacheConfig.h */ = {isa = PBXFileReference; fileEncoding = 4; lastKnownFileType = sourcecode.c.h; path = SDImageCacheConfig.h; sourceTree = "<group>"; };
		A71FBC86217A294800692BFB /* SDWebImageCodersManager.m */ = {isa = PBXFileReference; fileEncoding = 4; lastKnownFileType = sourcecode.c.objc; path = SDWebImageCodersManager.m; sourceTree = "<group>"; };
		A71FBC88217A294800692BFB /* FLAnimatedImageView+WebCache.m */ = {isa = PBXFileReference; fileEncoding = 4; lastKnownFileType = sourcecode.c.objc; path = "FLAnimatedImageView+WebCache.m"; sourceTree = "<group>"; };
		A71FBC89217A294800692BFB /* FLAnimatedImage.m */ = {isa = PBXFileReference; fileEncoding = 4; lastKnownFileType = sourcecode.c.objc; path = FLAnimatedImage.m; sourceTree = "<group>"; };
		A71FBC8A217A294800692BFB /* FLAnimatedImageView.m */ = {isa = PBXFileReference; fileEncoding = 4; lastKnownFileType = sourcecode.c.objc; path = FLAnimatedImageView.m; sourceTree = "<group>"; };
		A71FBC8B217A294800692BFB /* FLAnimatedImageView+WebCache.h */ = {isa = PBXFileReference; fileEncoding = 4; lastKnownFileType = sourcecode.c.h; path = "FLAnimatedImageView+WebCache.h"; sourceTree = "<group>"; };
		A71FBC8C217A294800692BFB /* FLAnimatedImage.h */ = {isa = PBXFileReference; fileEncoding = 4; lastKnownFileType = sourcecode.c.h; path = FLAnimatedImage.h; sourceTree = "<group>"; };
		A71FBC8D217A294800692BFB /* FLAnimatedImageView.h */ = {isa = PBXFileReference; fileEncoding = 4; lastKnownFileType = sourcecode.c.h; path = FLAnimatedImageView.h; sourceTree = "<group>"; };
		A71FBC8E217A294800692BFB /* SDWebImageDownloader.m */ = {isa = PBXFileReference; fileEncoding = 4; lastKnownFileType = sourcecode.c.objc; path = SDWebImageDownloader.m; sourceTree = "<group>"; };
		A71FBC8F217A294800692BFB /* SDWebImageGIFCoder.h */ = {isa = PBXFileReference; fileEncoding = 4; lastKnownFileType = sourcecode.c.h; path = SDWebImageGIFCoder.h; sourceTree = "<group>"; };
		A71FBC90217A294800692BFB /* SDWebImageWebPCoder.h */ = {isa = PBXFileReference; fileEncoding = 4; lastKnownFileType = sourcecode.c.h; path = SDWebImageWebPCoder.h; sourceTree = "<group>"; };
		A71FBC91217A294800692BFB /* UIImage+GIF.m */ = {isa = PBXFileReference; fileEncoding = 4; lastKnownFileType = sourcecode.c.objc; path = "UIImage+GIF.m"; sourceTree = "<group>"; };
		A71FBC92217A294800692BFB /* UIButton+WebCache.h */ = {isa = PBXFileReference; fileEncoding = 4; lastKnownFileType = sourcecode.c.h; path = "UIButton+WebCache.h"; sourceTree = "<group>"; };
		A71FBC93217A294800692BFB /* UIImage+MultiFormat.m */ = {isa = PBXFileReference; fileEncoding = 4; lastKnownFileType = sourcecode.c.objc; path = "UIImage+MultiFormat.m"; sourceTree = "<group>"; };
		A71FBC94217A294800692BFB /* SDWebImageCoderHelper.m */ = {isa = PBXFileReference; fileEncoding = 4; lastKnownFileType = sourcecode.c.objc; path = SDWebImageCoderHelper.m; sourceTree = "<group>"; };
		A71FBC95217A294800692BFB /* SDWebImageCompat.m */ = {isa = PBXFileReference; fileEncoding = 4; lastKnownFileType = sourcecode.c.objc; path = SDWebImageCompat.m; sourceTree = "<group>"; };
		A71FBC96217A294800692BFB /* SDWebImageImageIOCoder.h */ = {isa = PBXFileReference; fileEncoding = 4; lastKnownFileType = sourcecode.c.h; path = SDWebImageImageIOCoder.h; sourceTree = "<group>"; };
		A71FBC97217A294800692BFB /* SDWebImagePrefetcher.m */ = {isa = PBXFileReference; fileEncoding = 4; lastKnownFileType = sourcecode.c.objc; path = SDWebImagePrefetcher.m; sourceTree = "<group>"; };
		A71FBC98217A294800692BFB /* UIView+WebCache.h */ = {isa = PBXFileReference; fileEncoding = 4; lastKnownFileType = sourcecode.c.h; path = "UIView+WebCache.h"; sourceTree = "<group>"; };
		A71FBC99217A294800692BFB /* UIView+WebCacheOperation.h */ = {isa = PBXFileReference; fileEncoding = 4; lastKnownFileType = sourcecode.c.h; path = "UIView+WebCacheOperation.h"; sourceTree = "<group>"; };
		A71FBC9A217A294800692BFB /* SDWebImageCoder.m */ = {isa = PBXFileReference; fileEncoding = 4; lastKnownFileType = sourcecode.c.objc; path = SDWebImageCoder.m; sourceTree = "<group>"; };
		A71FBC9B217A294800692BFB /* MKAnnotationView+WebCache.h */ = {isa = PBXFileReference; fileEncoding = 4; lastKnownFileType = sourcecode.c.h; path = "MKAnnotationView+WebCache.h"; sourceTree = "<group>"; };
		A71FBC9C217A294800692BFB /* UIImage+WebP.h */ = {isa = PBXFileReference; fileEncoding = 4; lastKnownFileType = sourcecode.c.h; path = "UIImage+WebP.h"; sourceTree = "<group>"; };
		A71FBC9D217A294800692BFB /* SDImageCache.m */ = {isa = PBXFileReference; fileEncoding = 4; lastKnownFileType = sourcecode.c.objc; path = SDImageCache.m; sourceTree = "<group>"; };
		A71FBC9E217A294800692BFB /* SDWebImageFrame.h */ = {isa = PBXFileReference; fileEncoding = 4; lastKnownFileType = sourcecode.c.h; path = SDWebImageFrame.h; sourceTree = "<group>"; };
		A71FBC9F217A294800692BFB /* UIImageView+HighlightedWebCache.h */ = {isa = PBXFileReference; fileEncoding = 4; lastKnownFileType = sourcecode.c.h; path = "UIImageView+HighlightedWebCache.h"; sourceTree = "<group>"; };
		A71FBCA0217A294800692BFB /* SDWebImageDownloaderOperation.m */ = {isa = PBXFileReference; fileEncoding = 4; lastKnownFileType = sourcecode.c.objc; path = SDWebImageDownloaderOperation.m; sourceTree = "<group>"; };
		A71FBCA1217A294800692BFB /* SDWebImageManager.h */ = {isa = PBXFileReference; fileEncoding = 4; lastKnownFileType = sourcecode.c.h; path = SDWebImageManager.h; sourceTree = "<group>"; };
		A71FBCA2217A294800692BFB /* NSData+ImageContentType.m */ = {isa = PBXFileReference; fileEncoding = 4; lastKnownFileType = sourcecode.c.objc; path = "NSData+ImageContentType.m"; sourceTree = "<group>"; };
		A71FBCA3217A294800692BFB /* UIImageView+WebCache.m */ = {isa = PBXFileReference; fileEncoding = 4; lastKnownFileType = sourcecode.c.objc; path = "UIImageView+WebCache.m"; sourceTree = "<group>"; };
		A71FBCA4217A294800692BFB /* SDWebImageOperation.h */ = {isa = PBXFileReference; fileEncoding = 4; lastKnownFileType = sourcecode.c.h; path = SDWebImageOperation.h; sourceTree = "<group>"; };
		A71FBCA5217A294800692BFB /* NSImage+WebCache.m */ = {isa = PBXFileReference; fileEncoding = 4; lastKnownFileType = sourcecode.c.objc; path = "NSImage+WebCache.m"; sourceTree = "<group>"; };
		A71FBCA6217A294800692BFB /* SDWebImageGIFCoder.m */ = {isa = PBXFileReference; fileEncoding = 4; lastKnownFileType = sourcecode.c.objc; path = SDWebImageGIFCoder.m; sourceTree = "<group>"; };
		A71FBCA7217A294800692BFB /* SDWebImageDownloader.h */ = {isa = PBXFileReference; fileEncoding = 4; lastKnownFileType = sourcecode.c.h; path = SDWebImageDownloader.h; sourceTree = "<group>"; };
		A71FBCA8217A294800692BFB /* SDImageCacheConfig.m */ = {isa = PBXFileReference; fileEncoding = 4; lastKnownFileType = sourcecode.c.objc; path = SDImageCacheConfig.m; sourceTree = "<group>"; };
		A71FBCA9217A294800692BFB /* SDWebImageCodersManager.h */ = {isa = PBXFileReference; fileEncoding = 4; lastKnownFileType = sourcecode.c.h; path = SDWebImageCodersManager.h; sourceTree = "<group>"; };
		A71FBCAA217A294800692BFB /* UIImage+ForceDecode.h */ = {isa = PBXFileReference; fileEncoding = 4; lastKnownFileType = sourcecode.c.h; path = "UIImage+ForceDecode.h"; sourceTree = "<group>"; };
		A71FBCAB217A294800692BFB /* UIView+WebCacheOperation.m */ = {isa = PBXFileReference; fileEncoding = 4; lastKnownFileType = sourcecode.c.objc; path = "UIView+WebCacheOperation.m"; sourceTree = "<group>"; };
		A71FBCAC217A294800692BFB /* UIView+WebCache.m */ = {isa = PBXFileReference; fileEncoding = 4; lastKnownFileType = sourcecode.c.objc; path = "UIView+WebCache.m"; sourceTree = "<group>"; };
		A71FBCAD217A294800692BFB /* SDWebImagePrefetcher.h */ = {isa = PBXFileReference; fileEncoding = 4; lastKnownFileType = sourcecode.c.h; path = SDWebImagePrefetcher.h; sourceTree = "<group>"; };
		A71FBCAE217A294800692BFB /* SDWebImageImageIOCoder.m */ = {isa = PBXFileReference; fileEncoding = 4; lastKnownFileType = sourcecode.c.objc; path = SDWebImageImageIOCoder.m; sourceTree = "<group>"; };
		A71FBCAF217A294800692BFB /* SDWebImageCompat.h */ = {isa = PBXFileReference; fileEncoding = 4; lastKnownFileType = sourcecode.c.h; path = SDWebImageCompat.h; sourceTree = "<group>"; };
		A71FBCB0217A294800692BFB /* SDWebImageCoderHelper.h */ = {isa = PBXFileReference; fileEncoding = 4; lastKnownFileType = sourcecode.c.h; path = SDWebImageCoderHelper.h; sourceTree = "<group>"; };
		A71FBCB1217A294800692BFB /* UIImage+MultiFormat.h */ = {isa = PBXFileReference; fileEncoding = 4; lastKnownFileType = sourcecode.c.h; path = "UIImage+MultiFormat.h"; sourceTree = "<group>"; };
		A71FBCB2217A294800692BFB /* UIButton+WebCache.m */ = {isa = PBXFileReference; fileEncoding = 4; lastKnownFileType = sourcecode.c.objc; path = "UIButton+WebCache.m"; sourceTree = "<group>"; };
		A71FBCB3217A294800692BFB /* SDWebImageWebPCoder.m */ = {isa = PBXFileReference; fileEncoding = 4; lastKnownFileType = sourcecode.c.objc; path = SDWebImageWebPCoder.m; sourceTree = "<group>"; };
		A71FBCB4217A294800692BFB /* UIImage+GIF.h */ = {isa = PBXFileReference; fileEncoding = 4; lastKnownFileType = sourcecode.c.h; path = "UIImage+GIF.h"; sourceTree = "<group>"; };
/* End PBXFileReference section */

/* Begin PBXFrameworksBuildPhase section */
		A71FBC4F217A28ED00692BFB /* Frameworks */ = {
			isa = PBXFrameworksBuildPhase;
			buildActionMask = 2147483647;
			files = (
			);
			runOnlyForDeploymentPostprocessing = 0;
		};
/* End PBXFrameworksBuildPhase section */

/* Begin PBXGroup section */
		A71FBC49217A28ED00692BFB = {
			isa = PBXGroup;
			children = (
				A71FBC54217A28ED00692BFB /* HeeeScrollADView-demo */,
				A71FBC53217A28ED00692BFB /* Products */,
			);
			sourceTree = "<group>";
		};
		A71FBC53217A28ED00692BFB /* Products */ = {
			isa = PBXGroup;
			children = (
				A71FBC52217A28ED00692BFB /* HeeeScrollADView-demo.app */,
			);
			name = Products;
			sourceTree = "<group>";
		};
		A71FBC54217A28ED00692BFB /* HeeeScrollADView-demo */ = {
			isa = PBXGroup;
			children = (
				A71FBC55217A28ED00692BFB /* AppDelegate.h */,
				A71FBC56217A28ED00692BFB /* AppDelegate.m */,
				A71FBC58217A28ED00692BFB /* ViewController.h */,
				A71FBC59217A28ED00692BFB /* ViewController.m */,
				A71FBC6B217A292600692BFB /* HeeeScrollADView */,
				A71FBC78217A294800692BFB /* SDWebImage */,
				A71FBC5E217A28EF00692BFB /* Assets.xcassets */,
				A71FBC63217A28EF00692BFB /* Info.plist */,
				A71FBC64217A28EF00692BFB /* main.m */,
			);
			path = "HeeeScrollADView-demo";
			sourceTree = "<group>";
		};
		A71FBC6B217A292600692BFB /* HeeeScrollADView */ = {
			isa = PBXGroup;
			children = (
				A71FBC6C217A292600692BFB /* HeeeScrollADView.h */,
				A71FBC71217A292600692BFB /* HeeeScrollADView.m */,
				A71FBC6F217A292600692BFB /* HeeePageControl.h */,
				A71FBC73217A292600692BFB /* HeeePageControl.m */,
				A71FBC70217A292600692BFB /* CustomScrollView.h */,
				A71FBC6D217A292600692BFB /* CustomScrollView.m */,
				A71FBC72217A292600692BFB /* UIView+HeeeQuickFrame.h */,
				A71FBC6E217A292600692BFB /* UIView+HeeeQuickFrame.m */,
			);
			path = HeeeScrollADView;
			sourceTree = "<group>";
		};
		A71FBC78217A294800692BFB /* SDWebImage */ = {
			isa = PBXGroup;
			children = (
				A71FBC79217A294800692BFB /* UIImage+WebP.m */,
				A71FBC7A217A294800692BFB /* MKAnnotationView+WebCache.m */,
				A71FBC7B217A294800692BFB /* SDWebImageCoder.h */,
				A71FBC7C217A294800692BFB /* NSImage+WebCache.h */,
				A71FBC7D217A294800692BFB /* UIImageView+WebCache.h */,
				A71FBC7E217A294800692BFB /* NSData+ImageContentType.h */,
				A71FBC7F217A294800692BFB /* SDWebImageManager.m */,
				A71FBC80217A294800692BFB /* SDWebImageDownloaderOperation.h */,
				A71FBC81217A294800692BFB /* UIImageView+HighlightedWebCache.m */,
				A71FBC82217A294800692BFB /* SDWebImageFrame.m */,
				A71FBC83217A294800692BFB /* SDImageCache.h */,
				A71FBC84217A294800692BFB /* UIImage+ForceDecode.m */,
				A71FBC85217A294800692BFB /* SDImageCacheConfig.h */,
				A71FBC86217A294800692BFB /* SDWebImageCodersManager.m */,
				A71FBC87217A294800692BFB /* FLAnimatedImage */,
				A71FBC8E217A294800692BFB /* SDWebImageDownloader.m */,
				A71FBC8F217A294800692BFB /* SDWebImageGIFCoder.h */,
				A71FBC90217A294800692BFB /* SDWebImageWebPCoder.h */,
				A71FBC91217A294800692BFB /* UIImage+GIF.m */,
				A71FBC92217A294800692BFB /* UIButton+WebCache.h */,
				A71FBC93217A294800692BFB /* UIImage+MultiFormat.m */,
				A71FBC94217A294800692BFB /* SDWebImageCoderHelper.m */,
				A71FBC95217A294800692BFB /* SDWebImageCompat.m */,
				A71FBC96217A294800692BFB /* SDWebImageImageIOCoder.h */,
				A71FBC97217A294800692BFB /* SDWebImagePrefetcher.m */,
				A71FBC98217A294800692BFB /* UIView+WebCache.h */,
				A71FBC99217A294800692BFB /* UIView+WebCacheOperation.h */,
				A71FBC9A217A294800692BFB /* SDWebImageCoder.m */,
				A71FBC9B217A294800692BFB /* MKAnnotationView+WebCache.h */,
				A71FBC9C217A294800692BFB /* UIImage+WebP.h */,
				A71FBC9D217A294800692BFB /* SDImageCache.m */,
				A71FBC9E217A294800692BFB /* SDWebImageFrame.h */,
				A71FBC9F217A294800692BFB /* UIImageView+HighlightedWebCache.h */,
				A71FBCA0217A294800692BFB /* SDWebImageDownloaderOperation.m */,
				A71FBCA1217A294800692BFB /* SDWebImageManager.h */,
				A71FBCA2217A294800692BFB /* NSData+ImageContentType.m */,
				A71FBCA3217A294800692BFB /* UIImageView+WebCache.m */,
				A71FBCA4217A294800692BFB /* SDWebImageOperation.h */,
				A71FBCA5217A294800692BFB /* NSImage+WebCache.m */,
				A71FBCA6217A294800692BFB /* SDWebImageGIFCoder.m */,
				A71FBCA7217A294800692BFB /* SDWebImageDownloader.h */,
				A71FBCA8217A294800692BFB /* SDImageCacheConfig.m */,
				A71FBCA9217A294800692BFB /* SDWebImageCodersManager.h */,
				A71FBCAA217A294800692BFB /* UIImage+ForceDecode.h */,
				A71FBCAB217A294800692BFB /* UIView+WebCacheOperation.m */,
				A71FBCAC217A294800692BFB /* UIView+WebCache.m */,
				A71FBCAD217A294800692BFB /* SDWebImagePrefetcher.h */,
				A71FBCAE217A294800692BFB /* SDWebImageImageIOCoder.m */,
				A71FBCAF217A294800692BFB /* SDWebImageCompat.h */,
				A71FBCB0217A294800692BFB /* SDWebImageCoderHelper.h */,
				A71FBCB1217A294800692BFB /* UIImage+MultiFormat.h */,
				A71FBCB2217A294800692BFB /* UIButton+WebCache.m */,
				A71FBCB3217A294800692BFB /* SDWebImageWebPCoder.m */,
				A71FBCB4217A294800692BFB /* UIImage+GIF.h */,
			);
			path = SDWebImage;
			sourceTree = "<group>";
		};
		A71FBC87217A294800692BFB /* FLAnimatedImage */ = {
			isa = PBXGroup;
			children = (
				A71FBC88217A294800692BFB /* FLAnimatedImageView+WebCache.m */,
				A71FBC89217A294800692BFB /* FLAnimatedImage.m */,
				A71FBC8A217A294800692BFB /* FLAnimatedImageView.m */,
				A71FBC8B217A294800692BFB /* FLAnimatedImageView+WebCache.h */,
				A71FBC8C217A294800692BFB /* FLAnimatedImage.h */,
				A71FBC8D217A294800692BFB /* FLAnimatedImageView.h */,
			);
			path = FLAnimatedImage;
			sourceTree = "<group>";
		};
/* End PBXGroup section */

/* Begin PBXNativeTarget section */
		A71FBC51217A28ED00692BFB /* HeeeScrollADView-demo */ = {
			isa = PBXNativeTarget;
			buildConfigurationList = A71FBC68217A28EF00692BFB /* Build configuration list for PBXNativeTarget "HeeeScrollADView-demo" */;
			buildPhases = (
				A71FBC4E217A28ED00692BFB /* Sources */,
				A71FBC4F217A28ED00692BFB /* Frameworks */,
				A71FBC50217A28ED00692BFB /* Resources */,
			);
			buildRules = (
			);
			dependencies = (
			);
			name = "HeeeScrollADView-demo";
			productName = "HeeeScrollADView-demo";
			productReference = A71FBC52217A28ED00692BFB /* HeeeScrollADView-demo.app */;
			productType = "com.apple.product-type.application";
		};
/* End PBXNativeTarget section */

/* Begin PBXProject section */
		A71FBC4A217A28ED00692BFB /* Project object */ = {
			isa = PBXProject;
			attributes = {
				LastUpgradeCheck = 1000;
				ORGANIZATIONNAME = hgy;
				TargetAttributes = {
					A71FBC51217A28ED00692BFB = {
						CreatedOnToolsVersion = 10.0;
					};
				};
			};
			buildConfigurationList = A71FBC4D217A28ED00692BFB /* Build configuration list for PBXProject "HeeeScrollADView-demo" */;
			compatibilityVersion = "Xcode 9.3";
			developmentRegion = en;
			hasScannedForEncodings = 0;
			knownRegions = (
				en,
				Base,
			);
			mainGroup = A71FBC49217A28ED00692BFB;
			productRefGroup = A71FBC53217A28ED00692BFB /* Products */;
			projectDirPath = "";
			projectRoot = "";
			targets = (
				A71FBC51217A28ED00692BFB /* HeeeScrollADView-demo */,
			);
		};
/* End PBXProject section */

/* Begin PBXResourcesBuildPhase section */
		A71FBC50217A28ED00692BFB /* Resources */ = {
			isa = PBXResourcesBuildPhase;
			buildActionMask = 2147483647;
			files = (
				A71FBC5F217A28EF00692BFB /* Assets.xcassets in Resources */,
			);
			runOnlyForDeploymentPostprocessing = 0;
		};
/* End PBXResourcesBuildPhase section */

/* Begin PBXSourcesBuildPhase section */
		A71FBC4E217A28ED00692BFB /* Sources */ = {
			isa = PBXSourcesBuildPhase;
			buildActionMask = 2147483647;
			files = (
				A71FBCCB217A294800692BFB /* SDWebImageGIFCoder.m in Sources */,
				A71FBC5A217A28ED00692BFB /* ViewController.m in Sources */,
				A71FBCCA217A294800692BFB /* NSImage+WebCache.m in Sources */,
				A71FBC75217A292600692BFB /* UIView+HeeeQuickFrame.m in Sources */,
				A71FBCC7217A294800692BFB /* SDWebImageDownloaderOperation.m in Sources */,
				A71FBC77217A292600692BFB /* HeeePageControl.m in Sources */,
				A71FBCC8217A294800692BFB /* NSData+ImageContentType.m in Sources */,
				A71FBCD0217A294800692BFB /* UIButton+WebCache.m in Sources */,
				A71FBCCC217A294800692BFB /* SDImageCacheConfig.m in Sources */,
				A71FBCB9217A294800692BFB /* SDWebImageFrame.m in Sources */,
				A71FBCBD217A294800692BFB /* FLAnimatedImage.m in Sources */,
				A71FBCB5217A294800692BFB /* UIImage+WebP.m in Sources */,
				A71FBCCE217A294800692BFB /* UIView+WebCache.m in Sources */,
				A71FBC65217A28EF00692BFB /* main.m in Sources */,
				A71FBC76217A292600692BFB /* HeeeScrollADView.m in Sources */,
				A71FBCB8217A294800692BFB /* UIImageView+HighlightedWebCache.m in Sources */,
				A71FBCC5217A294800692BFB /* SDWebImageCoder.m in Sources */,
				A71FBC74217A292600692BFB /* CustomScrollView.m in Sources */,
				A71FBCCF217A294800692BFB /* SDWebImageImageIOCoder.m in Sources */,
				A71FBCBF217A294800692BFB /* SDWebImageDownloader.m in Sources */,
				A71FBCC3217A294800692BFB /* SDWebImageCompat.m in Sources */,
				A71FBCB7217A294800692BFB /* SDWebImageManager.m in Sources */,
				A71FBCC1217A294800692BFB /* UIImage+MultiFormat.m in Sources */,
				A71FBCC4217A294800692BFB /* SDWebImagePrefetcher.m in Sources */,
				A71FBCC9217A294800692BFB /* UIImageView+WebCache.m in Sources */,
				A71FBCC2217A294800692BFB /* SDWebImageCoderHelper.m in Sources */,
				A71FBC57217A28ED00692BFB /* AppDelegate.m in Sources */,
				A71FBCD1217A294800692BFB /* SDWebImageWebPCoder.m in Sources */,
				A71FBCBC217A294800692BFB /* FLAnimatedImageView+WebCache.m in Sources */,
				A71FBCBB217A294800692BFB /* SDWebImageCodersManager.m in Sources */,
				A71FBCBE217A294800692BFB /* FLAnimatedImageView.m in Sources */,
				A71FBCC0217A294800692BFB /* UIImage+GIF.m in Sources */,
				A71FBCCD217A294800692BFB /* UIView+WebCacheOperation.m in Sources */,
				A71FBCB6217A294800692BFB /* MKAnnotationView+WebCache.m in Sources */,
				A71FBCBA217A294800692BFB /* UIImage+ForceDecode.m in Sources */,
				A71FBCC6217A294800692BFB /* SDImageCache.m in Sources */,
			);
			runOnlyForDeploymentPostprocessing = 0;
		};
/* End PBXSourcesBuildPhase section */

/* Begin XCBuildConfiguration section */
		A71FBC66217A28EF00692BFB /* Debug */ = {
			isa = XCBuildConfiguration;
			buildSettings = {
				ALWAYS_SEARCH_USER_PATHS = NO;
				CLANG_ANALYZER_NONNULL = YES;
				CLANG_ANALYZER_NUMBER_OBJECT_CONVERSION = YES_AGGRESSIVE;
				CLANG_CXX_LANGUAGE_STANDARD = "gnu++14";
				CLANG_CXX_LIBRARY = "libc++";
				CLANG_ENABLE_MODULES = YES;
				CLANG_ENABLE_OBJC_ARC = YES;
				CLANG_ENABLE_OBJC_WEAK = YES;
				CLANG_WARN_BLOCK_CAPTURE_AUTORELEASING = YES;
				CLANG_WARN_BOOL_CONVERSION = YES;
				CLANG_WARN_COMMA = YES;
				CLANG_WARN_CONSTANT_CONVERSION = YES;
				CLANG_WARN_DEPRECATED_OBJC_IMPLEMENTATIONS = YES;
				CLANG_WARN_DIRECT_OBJC_ISA_USAGE = YES_ERROR;
				CLANG_WARN_DOCUMENTATION_COMMENTS = YES;
				CLANG_WARN_EMPTY_BODY = YES;
				CLANG_WARN_ENUM_CONVERSION = YES;
				CLANG_WARN_INFINITE_RECURSION = YES;
				CLANG_WARN_INT_CONVERSION = YES;
				CLANG_WARN_NON_LITERAL_NULL_CONVERSION = YES;
				CLANG_WARN_OBJC_IMPLICIT_RETAIN_SELF = YES;
				CLANG_WARN_OBJC_LITERAL_CONVERSION = YES;
				CLANG_WARN_OBJC_ROOT_CLASS = YES_ERROR;
				CLANG_WARN_RANGE_LOOP_ANALYSIS = YES;
				CLANG_WARN_STRICT_PROTOTYPES = YES;
				CLANG_WARN_SUSPICIOUS_MOVE = YES;
				CLANG_WARN_UNGUARDED_AVAILABILITY = YES_AGGRESSIVE;
				CLANG_WARN_UNREACHABLE_CODE = YES;
				CLANG_WARN__DUPLICATE_METHOD_MATCH = YES;
				CODE_SIGN_IDENTITY = "iPhone Developer";
				COPY_PHASE_STRIP = NO;
				DEBUG_INFORMATION_FORMAT = dwarf;
				ENABLE_STRICT_OBJC_MSGSEND = YES;
				ENABLE_TESTABILITY = YES;
				GCC_C_LANGUAGE_STANDARD = gnu11;
				GCC_DYNAMIC_NO_PIC = NO;
				GCC_NO_COMMON_BLOCKS = YES;
				GCC_OPTIMIZATION_LEVEL = 0;
				GCC_PREPROCESSOR_DEFINITIONS = (
					"DEBUG=1",
					"$(inherited)",
				);
				GCC_WARN_64_TO_32_BIT_CONVERSION = YES;
				GCC_WARN_ABOUT_RETURN_TYPE = YES_ERROR;
				GCC_WARN_UNDECLARED_SELECTOR = YES;
				GCC_WARN_UNINITIALIZED_AUTOS = YES_AGGRESSIVE;
				GCC_WARN_UNUSED_FUNCTION = YES;
				GCC_WARN_UNUSED_VARIABLE = YES;
				IPHONEOS_DEPLOYMENT_TARGET = 12.0;
				MTL_ENABLE_DEBUG_INFO = INCLUDE_SOURCE;
				MTL_FAST_MATH = YES;
				ONLY_ACTIVE_ARCH = YES;
				SDKROOT = iphoneos;
			};
			name = Debug;
		};
		A71FBC67217A28EF00692BFB /* Release */ = {
			isa = XCBuildConfiguration;
			buildSettings = {
				ALWAYS_SEARCH_USER_PATHS = NO;
				CLANG_ANALYZER_NONNULL = YES;
				CLANG_ANALYZER_NUMBER_OBJECT_CONVERSION = YES_AGGRESSIVE;
				CLANG_CXX_LANGUAGE_STANDARD = "gnu++14";
				CLANG_CXX_LIBRARY = "libc++";
				CLANG_ENABLE_MODULES = YES;
				CLANG_ENABLE_OBJC_ARC = YES;
				CLANG_ENABLE_OBJC_WEAK = YES;
				CLANG_WARN_BLOCK_CAPTURE_AUTORELEASING = YES;
				CLANG_WARN_BOOL_CONVERSION = YES;
				CLANG_WARN_COMMA = YES;
				CLANG_WARN_CONSTANT_CONVERSION = YES;
				CLANG_WARN_DEPRECATED_OBJC_IMPLEMENTATIONS = YES;
				CLANG_WARN_DIRECT_OBJC_ISA_USAGE = YES_ERROR;
				CLANG_WARN_DOCUMENTATION_COMMENTS = YES;
				CLANG_WARN_EMPTY_BODY = YES;
				CLANG_WARN_ENUM_CONVERSION = YES;
				CLANG_WARN_INFINITE_RECURSION = YES;
				CLANG_WARN_INT_CONVERSION = YES;
				CLANG_WARN_NON_LITERAL_NULL_CONVERSION = YES;
				CLANG_WARN_OBJC_IMPLICIT_RETAIN_SELF = YES;
				CLANG_WARN_OBJC_LITERAL_CONVERSION = YES;
				CLANG_WARN_OBJC_ROOT_CLASS = YES_ERROR;
				CLANG_WARN_RANGE_LOOP_ANALYSIS = YES;
				CLANG_WARN_STRICT_PROTOTYPES = YES;
				CLANG_WARN_SUSPICIOUS_MOVE = YES;
				CLANG_WARN_UNGUARDED_AVAILABILITY = YES_AGGRESSIVE;
				CLANG_WARN_UNREACHABLE_CODE = YES;
				CLANG_WARN__DUPLICATE_METHOD_MATCH = YES;
				CODE_SIGN_IDENTITY = "iPhone Developer";
				COPY_PHASE_STRIP = NO;
				DEBUG_INFORMATION_FORMAT = "dwarf-with-dsym";
				ENABLE_NS_ASSERTIONS = NO;
				ENABLE_STRICT_OBJC_MSGSEND = YES;
				GCC_C_LANGUAGE_STANDARD = gnu11;
				GCC_NO_COMMON_BLOCKS = YES;
				GCC_WARN_64_TO_32_BIT_CONVERSION = YES;
				GCC_WARN_ABOUT_RETURN_TYPE = YES_ERROR;
				GCC_WARN_UNDECLARED_SELECTOR = YES;
				GCC_WARN_UNINITIALIZED_AUTOS = YES_AGGRESSIVE;
				GCC_WARN_UNUSED_FUNCTION = YES;
				GCC_WARN_UNUSED_VARIABLE = YES;
				IPHONEOS_DEPLOYMENT_TARGET = 12.0;
				MTL_ENABLE_DEBUG_INFO = NO;
				MTL_FAST_MATH = YES;
				SDKROOT = iphoneos;
				VALIDATE_PRODUCT = YES;
			};
			name = Release;
		};
		A71FBC69217A28EF00692BFB /* Debug */ = {
			isa = XCBuildConfiguration;
			buildSettings = {
				ASSETCATALOG_COMPILER_APPICON_NAME = AppIcon;
				CODE_SIGN_STYLE = Automatic;
				DEVELOPMENT_TEAM = 27HH8LNC45;
				INFOPLIST_FILE = "HeeeScrollADView-demo/Info.plist";
				IPHONEOS_DEPLOYMENT_TARGET = 8.0;
				LD_RUNPATH_SEARCH_PATHS = (
					"$(inherited)",
					"@executable_path/Frameworks",
				);
				PRODUCT_BUNDLE_IDENTIFIER = www.Heee.cessssss;
				PRODUCT_NAME = "$(TARGET_NAME)";
				TARGETED_DEVICE_FAMILY = "1,2";
			};
			name = Debug;
		};
		A71FBC6A217A28EF00692BFB /* Release */ = {
			isa = XCBuildConfiguration;
			buildSettings = {
				ASSETCATALOG_COMPILER_APPICON_NAME = AppIcon;
				CODE_SIGN_STYLE = Automatic;
				DEVELOPMENT_TEAM = 27HH8LNC45;
				INFOPLIST_FILE = "HeeeScrollADView-demo/Info.plist";
				IPHONEOS_DEPLOYMENT_TARGET = 8.0;
				LD_RUNPATH_SEARCH_PATHS = (
					"$(inherited)",
					"@executable_path/Frameworks",
				);
				PRODUCT_BUNDLE_IDENTIFIER = www.Heee.cessssss;
				PRODUCT_NAME = "$(TARGET_NAME)";
				TARGETED_DEVICE_FAMILY = "1,2";
			};
			name = Release;
		};
/* End XCBuildConfiguration section */

/* Begin XCConfigurationList section */
		A71FBC4D217A28ED00692BFB /* Build configuration list for PBXProject "HeeeScrollADView-demo" */ = {
			isa = XCConfigurationList;
			buildConfigurations = (
				A71FBC66217A28EF00692BFB /* Debug */,
				A71FBC67217A28EF00692BFB /* Release */,
			);
			defaultConfigurationIsVisible = 0;
			defaultConfigurationName = Release;
		};
		A71FBC68217A28EF00692BFB /* Build configuration list for PBXNativeTarget "HeeeScrollADView-demo" */ = {
			isa = XCConfigurationList;
			buildConfigurations = (
				A71FBC69217A28EF00692BFB /* Debug */,
				A71FBC6A217A28EF00692BFB /* Release */,
			);
			defaultConfigurationIsVisible = 0;
			defaultConfigurationName = Release;
		};
/* End XCConfigurationList section */
	};
	rootObject = A71FBC4A217A28ED00692BFB /* Project object */;
}
